
Microsoft Visual Studio Solution File, Format Version 11.00
# Visual Studio 2010
Project("{FAE04EC0-301F-11D3-BF4B-00C04F79EFBC}") = "BackboneDemo", "BackboneDemo\BackboneDemo.csproj", "{0C5694B0-31D3-483B-97A6-86473A7233FB}"
EndProject
Global
	GlobalSection(SolutionConfigurationPlatforms) = preSolution
		Debug|Any CPU = Debug|Any CPU
		Release|Any CPU = Release|Any CPU
	EndGlobalSection
	GlobalSection(ProjectConfigurationPlatforms) = postSolution
		{0C5694B0-31D3-483B-97A6-86473A7233FB}.Debug|Any CPU.ActiveCfg = Debug|Any CPU
		{0C5694B0-31D3-483B-97A6-86473A7233FB}.Debug|Any CPU.Build.0 = Debug|Any CPU
		{0C5694B0-31D3-483B-97A6-86473A7233FB}.Release|Any CPU.ActiveCfg = Release|Any CPU
		{0C5694B0-31D3-483B-97A6-86473A7233FB}.Release|Any CPU.Build.0 = Release|Any CPU
	EndGlobalSection
	GlobalSection(SolutionProperties) = preSolution
		HideSolutionNode = FALSE
	EndGlobalSection
EndGlobal
